
Microsoft Visual Studio Solution File, Format Version 12.00
# Visual Studio Version 17
VisualStudioVersion = 17.7.34202.233
MinimumVisualStudioVersion = 10.0.40219.1
Project("{FAE04EC0-301F-11D3-BF4B-00C04F79EFBC}") = "HamburgueriaElvisBurguer", "HamburgueriaElvisBurguer\HamburgueriaElvisBurguer.csproj", "{3E449F58-AC20-4BFF-96C7-D2D317071936}"
EndProject
Global
	GlobalSection(SolutionConfigurationPlatforms) = preSolution
		Debug|Any CPU = Debug|Any CPU
		Release|Any CPU = Release|Any CPU
	EndGlobalSection
	GlobalSection(ProjectConfigurationPlatforms) = postSolution
		{3E449F58-AC20-4BFF-96C7-D2D317071936}.Debug|Any CPU.ActiveCfg = Debug|Any CPU
		{3E449F58-AC20-4BFF-96C7-D2D317071936}.Debug|Any CPU.Build.0 = Debug|Any CPU
		{3E449F58-AC20-4BFF-96C7-D2D317071936}.Release|Any CPU.ActiveCfg = Release|Any CPU
		{3E449F58-AC20-4BFF-96C7-D2D317071936}.Release|Any CPU.Build.0 = Release|Any CPU
	EndGlobalSection
	GlobalSection(SolutionProperties) = preSolution
		HideSolutionNode = FALSE
	EndGlobalSection
	GlobalSection(ExtensibilityGlobals) = postSolution
		SolutionGuid = {365F9288-961E-46F2-9F6D-EC0677537A6B}
	EndGlobalSection
EndGlobal
